
Microsoft Visual Studio Solution File, Format Version 12.00
Project("{FAE04EC0-301F-11D3-BF4B-00C04F79EFBC}") = "student-management", "student-management\student-management.csproj", "{15ABBFC3-12CD-42C0-B4F1-697B2C2B7447}"
EndProject
Global
	GlobalSection(SolutionConfigurationPlatforms) = preSolution
		Debug|Any CPU = Debug|Any CPU
		Release|Any CPU = Release|Any CPU
	EndGlobalSection
	GlobalSection(ProjectConfigurationPlatforms) = postSolution
		{15ABBFC3-12CD-42C0-B4F1-697B2C2B7447}.Debug|Any CPU.ActiveCfg = Debug|Any CPU
		{15ABBFC3-12CD-42C0-B4F1-697B2C2B7447}.Debug|Any CPU.Build.0 = Debug|Any CPU
		{15ABBFC3-12CD-42C0-B4F1-697B2C2B7447}.Release|Any CPU.ActiveCfg = Release|Any CPU
		{15ABBFC3-12CD-42C0-B4F1-697B2C2B7447}.Release|Any CPU.Build.0 = Release|Any CPU
	EndGlobalSection
EndGlobal
